
Microsoft Visual Studio Solution File, Format Version 12.00
# Visual Studio Version 17
VisualStudioVersion = 17.8.34330.188
MinimumVisualStudioVersion = 10.0.40219.1
Project("{FAE04EC0-301F-11D3-BF4B-00C04F79EFBC}") = "XG_WPF", "XG_WPF.csproj", "{742C56FD-0DB6-4789-AEFC-CDABBF0CF150}"
EndProject
Global
	GlobalSection(SolutionConfigurationPlatforms) = preSolution
		Debug|Any CPU = Debug|Any CPU
		Release|Any CPU = Release|Any CPU
	EndGlobalSection
	GlobalSection(ProjectConfigurationPlatforms) = postSolution
		{742C56FD-0DB6-4789-AEFC-CDABBF0CF150}.Debug|Any CPU.ActiveCfg = Debug|Any CPU
		{742C56FD-0DB6-4789-AEFC-CDABBF0CF150}.Debug|Any CPU.Build.0 = Debug|Any CPU
		{742C56FD-0DB6-4789-AEFC-CDABBF0CF150}.Release|Any CPU.ActiveCfg = Release|Any CPU
		{742C56FD-0DB6-4789-AEFC-CDABBF0CF150}.Release|Any CPU.Build.0 = Release|Any CPU
	EndGlobalSection
	GlobalSection(SolutionProperties) = preSolution
		HideSolutionNode = FALSE
	EndGlobalSection
	GlobalSection(ExtensibilityGlobals) = postSolution
		SolutionGuid = {F2587AE6-9479-4AF3-8808-59D9529CA18C}
	EndGlobalSection
EndGlobal
